
Microsoft Visual Studio Solution File, Format Version 12.00
# Visual Studio Version 17
VisualStudioVersion = 17.1.32210.238
MinimumVisualStudioVersion = 10.0.40219.1
Project("{9A19103F-16F7-4668-BE54-9A1E7A4F7556}") = "OOP-PokeBattle", "OOP-PokeBattle\OOP-PokeBattle.csproj", "{5B4756EA-2F34-4637-97EA-0178BF716260}"
EndProject
Global
	GlobalSection(SolutionConfigurationPlatforms) = preSolution
		Debug|Any CPU = Debug|Any CPU
		Release|Any CPU = Release|Any CPU
	EndGlobalSection
	GlobalSection(ProjectConfigurationPlatforms) = postSolution
		{5B4756EA-2F34-4637-97EA-0178BF716260}.Debug|Any CPU.ActiveCfg = Debug|Any CPU
		{5B4756EA-2F34-4637-97EA-0178BF716260}.Debug|Any CPU.Build.0 = Debug|Any CPU
		{5B4756EA-2F34-4637-97EA-0178BF716260}.Release|Any CPU.ActiveCfg = Release|Any CPU
		{5B4756EA-2F34-4637-97EA-0178BF716260}.Release|Any CPU.Build.0 = Release|Any CPU
	EndGlobalSection
	GlobalSection(SolutionProperties) = preSolution
		HideSolutionNode = FALSE
	EndGlobalSection
	GlobalSection(ExtensibilityGlobals) = postSolution
		SolutionGuid = {72C241AB-B188-4CC2-A072-94A8D5889C72}
	EndGlobalSection
EndGlobal
